{
  "meteor": {},
  "dependencies": {
    "basePackages": {
      "fast-render": {},
      "iron-router": {},
      "nprogress": {},
      "urlify2": {},
      "moment": {}
    },
    "packages": {
      "fast-render": {
        "git": "https://github.com/arunoda/meteor-fast-render.git",
        "tag": "v0.1.4",
        "commit": "8d28f77452c02b529dee8abfa672f2b093377f1b"
      },
      "iron-router": {
        "git": "https://github.com/EventedMind/iron-router.git",
        "tag": "v0.6.2",
        "commit": "ce56e58b45624dce992490f3a1c10f10d3948bae"
      },
      "nprogress": {
        "git": "https://github.com/zhouzhuojie/meteor-nprogress.git",
        "tag": "v0.0.3",
        "commit": "ffd1c5dd400af64121197f4e637a215c4b6b1fc7"
      },
      "urlify2": {
        "git": "https://github.com/peerlibrary/meteor-urlify2.git",
        "tag": "v0.1.1",
        "commit": "5b6677b01382e470bd22e6a4a8a0d4399d7900d7"
      },
      "moment": {
        "git": "https://github.com/acreeger/meteor-moment.git",
        "tag": "v2.2.1",
        "commit": "9ee12e714afe56b189f53076447b7b54f3012065"
      }
    }
  }
}
